// !$*UTF8*$!
{
	archiveVersion = 1;
	classes = {
	};
	objectVersion = 46;
	objects = {

/* Begin PBXBuildFile section */
		BED761621B374D6700687B36 /* MMMarkdown.framework in Frameworks */ = {isa = PBXBuildFile; fileRef = BED761571B374D6700687B36 /* MMMarkdown.framework */; };
/* End PBXBuildFile section */

/* Begin PBXContainerItemProxy section */
		BED761631B374D6700687B36 /* PBXContainerItemProxy */ = {
			isa = PBXContainerItemProxy;
			containerPortal = BE813DCD14F893EB00EC9469 /* Project object */;
			proxyType = 1;
			remoteGlobalIDString = BED761561B374D6700687B36;
			remoteInfo = MMMarkdown;
		};
/* End PBXContainerItemProxy section */

/* Begin PBXCopyFilesBuildPhase section */
		BED7618E1B37787800687B36 /* Copy MarkdownTest_1.0 Files */ = {
			isa = PBXCopyFilesBuildPhase;
			buildActionMask = 2147483647;
			dstPath = MarkdownTest_1.0;
			dstSubfolderSpec = 7;
			files = (
			);
			name = "Copy MarkdownTest_1.0 Files";
			runOnlyForDeploymentPostprocessing = 0;
		};
		BED761B51B3778C100687B36 /* Copy php-markdown Files */ = {
			isa = PBXCopyFilesBuildPhase;
			buildActionMask = 2147483647;
			dstPath = "php-markdown";
			dstSubfolderSpec = 7;
			files = (
			);
			name = "Copy php-markdown Files";
			runOnlyForDeploymentPostprocessing = 0;
		};
/* End PBXCopyFilesBuildPhase section */

/* Begin PBXFileReference section */
		BE23E8F41C0CF3EF0087F587 /* MMMarkdown.framework */ = {isa = PBXFileReference; explicitFileType = wrapper.framework; includeInIndex = 0; path = MMMarkdown.framework; sourceTree = BUILT_PRODUCTS_DIR; };
		BE23E9131C0CF77D0087F587 /* MMMarkdown.framework */ = {isa = PBXFileReference; explicitFileType = wrapper.framework; includeInIndex = 0; path = MMMarkdown.framework; sourceTree = BUILT_PRODUCTS_DIR; };
		BE813DDE14F893EB00EC9469 /* Foundation.framework */ = {isa = PBXFileReference; lastKnownFileType = wrapper.framework; name = Foundation.framework; path = System/Library/Frameworks/Foundation.framework; sourceTree = SDKROOT; };
		BED761571B374D6700687B36 /* MMMarkdown.framework */ = {isa = PBXFileReference; explicitFileType = wrapper.framework; includeInIndex = 0; path = MMMarkdown.framework; sourceTree = BUILT_PRODUCTS_DIR; };
		BED761611B374D6700687B36 /* MMMarkdownTests.xctest */ = {isa = PBXFileReference; explicitFileType = wrapper.cfbundle; includeInIndex = 0; path = MMMarkdownTests.xctest; sourceTree = BUILT_PRODUCTS_DIR; };
		BED7620F1B37810000687B36 /* MMMarkdown.framework */ = {isa = PBXFileReference; explicitFileType = wrapper.framework; includeInIndex = 0; path = MMMarkdown.framework; sourceTree = BUILT_PRODUCTS_DIR; };
		F5E5FD021F2B251300F66BC9 /* Info.plist */ = {isa = PBXFileReference; lastKnownFileType = text.plist.xml; path = Info.plist; sourceTree = "<group>"; };
		F5E5FD041F2B251300F66BC9 /* MarkdownTest.pl */ = {isa = PBXFileReference; lastKnownFileType = text.script.perl; path = MarkdownTest.pl; sourceTree = "<group>"; };
		F5E5FD061F2B251300F66BC9 /* Amps and angle encoding.html */ = {isa = PBXFileReference; lastKnownFileType = text.html; path = "Amps and angle encoding.html"; sourceTree = "<group>"; };
		F5E5FD071F2B251300F66BC9 /* Amps and angle encoding.text */ = {isa = PBXFileReference; lastKnownFileType = net.daringfireball.markdown; path = "Amps and angle encoding.text"; sourceTree = "<group>"; };
		F5E5FD081F2B251300F66BC9 /* Auto links.html */ = {isa = PBXFileReference; lastKnownFileType = text.html; path = "Auto links.html"; sourceTree = "<group>"; };
		F5E5FD091F2B251300F66BC9 /* Auto links.text */ = {isa = PBXFileReference; lastKnownFileType = net.daringfireball.markdown; path = "Auto links.text"; sourceTree = "<group>"; };
		F5E5FD0A1F2B251300F66BC9 /* Backslash escapes.html */ = {isa = PBXFileReference; lastKnownFileType = text.html; path = "Backslash escapes.html"; sourceTree = "<group>"; };
		F5E5FD0B1F2B251300F66BC9 /* Backslash escapes.text */ = {isa = PBXFileReference; lastKnownFileType = net.daringfireball.markdown; path = "Backslash escapes.text"; sourceTree = "<group>"; };
		F5E5FD0C1F2B251300F66BC9 /* Blockquotes with code blocks.html */ = {isa = PBXFileReference; lastKnownFileType = text.html; path = "Blockquotes with code blocks.html"; sourceTree = "<group>"; };
		F5E5FD0D1F2B251300F66BC9 /* Blockquotes with code blocks.text */ = {isa = PBXFileReference; lastKnownFileType = net.daringfireball.markdown; path = "Blockquotes with code blocks.text"; sourceTree = "<group>"; };
		F5E5FD0E1F2B251300F66BC9 /* Hard-wrapped paragraphs with list-like lines.html */ = {isa = PBXFileReference; lastKnownFileType = text.html; path = "Hard-wrapped paragraphs with list-like lines.html"; sourceTree = "<group>"; };
		F5E5FD0F1F2B251300F66BC9 /* Hard-wrapped paragraphs with list-like lines.text */ = {isa = PBXFileReference; lastKnownFileType = net.daringfireball.markdown; path = "Hard-wrapped paragraphs with list-like lines.text"; sourceTree = "<group>"; };
		F5E5FD101F2B251300F66BC9 /* Horizontal rules.html */ = {isa = PBXFileReference; lastKnownFileType = text.html; path = "Horizontal rules.html"; sourceTree = "<group>"; };
		F5E5FD111F2B251300F66BC9 /* Horizontal rules.text */ = {isa = PBXFileReference; lastKnownFileType = net.daringfireball.markdown; path = "Horizontal rules.text"; sourceTree = "<group>"; };
		F5E5FD121F2B251300F66BC9 /* Inline HTML (Advanced).html */ = {isa = PBXFileReference; lastKnownFileType = text.html; path = "Inline HTML (Advanced).html"; sourceTree = "<group>"; };
		F5E5FD131F2B251300F66BC9 /* Inline HTML (Advanced).text */ = {isa = PBXFileReference; lastKnownFileType = net.daringfireball.markdown; path = "Inline HTML (Advanced).text"; sourceTree = "<group>"; };
		F5E5FD141F2B251300F66BC9 /* Inline HTML (Simple).html */ = {isa = PBXFileReference; lastKnownFileType = text.html; path = "Inline HTML (Simple).html"; sourceTree = "<group>"; };
		F5E5FD151F2B251300F66BC9 /* Inline HTML (Simple).text */ = {isa = PBXFileReference; lastKnownFileType = net.daringfireball.markdown; path = "Inline HTML (Simple).text"; sourceTree = "<group>"; };
		F5E5FD161F2B251300F66BC9 /* Inline HTML comments.html */ = {isa = PBXFileReference; lastKnownFileType = text.html; path = "Inline HTML comments.html"; sourceTree = "<group>"; };
		F5E5FD171F2B251300F66BC9 /* Inline HTML comments.text */ = {isa = PBXFileReference; lastKnownFileType = net.daringfireball.markdown; path = "Inline HTML comments.text"; sourceTree = "<group>"; };
		F5E5FD181F2B251300F66BC9 /* Links, inline style.html */ = {isa = PBXFileReference; lastKnownFileType = text.html; path = "Links, inline style.html"; sourceTree = "<group>"; };
		F5E5FD191F2B251300F66BC9 /* Links, inline style.text */ = {isa = PBXFileReference; lastKnownFileType = net.daringfireball.markdown; path = "Links, inline style.text"; sourceTree = "<group>"; };
		F5E5FD1A1F2B251300F66BC9 /* Links, reference style.html */ = {isa = PBXFileReference; lastKnownFileType = text.html; path = "Links, reference style.html"; sourceTree = "<group>"; };
		F5E5FD1B1F2B251300F66BC9 /* Links, reference style.text */ = {isa = PBXFileReference; lastKnownFileType = net.daringfireball.markdown; path = "Links, reference style.text"; sourceTree = "<group>"; };
		F5E5FD1C1F2B251300F66BC9 /* Literal quotes in titles.html */ = {isa = PBXFileReference; lastKnownFileType = text.html; path = "Literal quotes in titles.html"; sourceTree = "<group>"; };
		F5E5FD1D1F2B251300F66BC9 /* Literal quotes in titles.text */ = {isa = PBXFileReference; lastKnownFileType = net.daringfireball.markdown; path = "Literal quotes in titles.text"; sourceTree = "<group>"; };
		F5E5FD1E1F2B251300F66BC9 /* Markdown Documentation - Basics.html */ = {isa = PBXFileReference; lastKnownFileType = text.html; path = "Markdown Documentation - Basics.html"; sourceTree = "<group>"; };
		F5E5FD1F1F2B251300F66BC9 /* Markdown Documentation - Basics.text */ = {isa = PBXFileReference; lastKnownFileType = net.daringfireball.markdown; path = "Markdown Documentation - Basics.text"; sourceTree = "<group>"; };
		F5E5FD201F2B251300F66BC9 /* Markdown Documentation - Syntax.html */ = {isa = PBXFileReference; lastKnownFileType = text.html; path = "Markdown Documentation - Syntax.html"; sourceTree = "<group>"; };
		F5E5FD211F2B251300F66BC9 /* Markdown Documentation - Syntax.text */ = {isa = PBXFileReference; lastKnownFileType = net.daringfireball.markdown; path = "Markdown Documentation - Syntax.text"; sourceTree = "<group>"; };
		F5E5FD221F2B251300F66BC9 /* Nested blockquotes.html */ = {isa = PBXFileReference; lastKnownFileType = text.html; path = "Nested blockquotes.html"; sourceTree = "<group>"; };
		F5E5FD231F2B251300F66BC9 /* Nested blockquotes.text */ = {isa = PBXFileReference; lastKnownFileType = net.daringfireball.markdown; path = "Nested blockquotes.text"; sourceTree = "<group>"; };
		F5E5FD241F2B251300F66BC9 /* Ordered and unordered lists.html */ = {isa = PBXFileReference; lastKnownFileType = text.html; path = "Ordered and unordered lists.html"; sourceTree = "<group>"; };
		F5E5FD251F2B251300F66BC9 /* Ordered and unordered lists.text */ = {isa = PBXFileReference; lastKnownFileType = net.daringfireball.markdown; path = "Ordered and unordered lists.text"; sourceTree = "<group>"; };
		F5E5FD261F2B251300F66BC9 /* Strong and em together.html */ = {isa = PBXFileReference; lastKnownFileType = text.html; path = "Strong and em together.html"; sourceTree = "<group>"; };
		F5E5FD271F2B251300F66BC9 /* Strong and em together.text */ = {isa = PBXFileReference; lastKnownFileType = net.daringfireball.markdown; path = "Strong and em together.text"; sourceTree = "<group>"; };
		F5E5FD281F2B251300F66BC9 /* Tabs.html */ = {isa = PBXFileReference; lastKnownFileType = text.html; path = Tabs.html; sourceTree = "<group>"; };
		F5E5FD291F2B251300F66BC9 /* Tabs.text */ = {isa = PBXFileReference; lastKnownFileType = net.daringfireball.markdown; path = Tabs.text; sourceTree = "<group>"; };
		F5E5FD2A1F2B251300F66BC9 /* Tidyness.html */ = {isa = PBXFileReference; lastKnownFileType = text.html; path = Tidyness.html; sourceTree = "<group>"; };
		F5E5FD2B1F2B251300F66BC9 /* Tidyness.text */ = {isa = PBXFileReference; lastKnownFileType = net.daringfireball.markdown; path = Tidyness.text; sourceTree = "<group>"; };
		F5E5FD2C1F2B251300F66BC9 /* MMBlockTests.m */ = {isa = PBXFileReference; lastKnownFileType = sourcecode.c.objc; path = MMBlockTests.m; sourceTree = "<group>"; };
		F5E5FD2D1F2B251300F66BC9 /* MMErrorTests.m */ = {isa = PBXFileReference; lastKnownFileType = sourcecode.c.objc; path = MMErrorTests.m; sourceTree = "<group>"; };
		F5E5FD2E1F2B251300F66BC9 /* MMEscapingTests.m */ = {isa = PBXFileReference; lastKnownFileType = sourcecode.c.objc; path = MMEscapingTests.m; sourceTree = "<group>"; };
		F5E5FD2F1F2B251300F66BC9 /* MMExtensionTests.m */ = {isa = PBXFileReference; lastKnownFileType = sourcecode.c.objc; path = MMExtensionTests.m; sourceTree = "<group>"; };
		F5E5FD301F2B251300F66BC9 /* MMHTMLTests.m */ = {isa = PBXFileReference; lastKnownFileType = sourcecode.c.objc; path = MMHTMLTests.m; sourceTree = "<group>"; };
		F5E5FD311F2B251300F66BC9 /* MMImageTests.m */ = {isa = PBXFileReference; lastKnownFileType = sourcecode.c.objc; path = MMImageTests.m; sourceTree = "<group>"; };
		F5E5FD321F2B251300F66BC9 /* MMLinkTests.m */ = {isa = PBXFileReference; lastKnownFileType = sourcecode.c.objc; path = MMLinkTests.m; sourceTree = "<group>"; };
		F5E5FD331F2B251300F66BC9 /* MMListTests.m */ = {isa = PBXFileReference; lastKnownFileType = sourcecode.c.objc; path = MMListTests.m; sourceTree = "<group>"; };
		F5E5FD341F2B251300F66BC9 /* MMMarkdownTests.h */ = {isa = PBXFileReference; lastKnownFileType = sourcecode.c.h; path = MMMarkdownTests.h; sourceTree = "<group>"; };
		F5E5FD351F2B251300F66BC9 /* MMMarkdownTests.m */ = {isa = PBXFileReference; lastKnownFileType = sourcecode.c.objc; path = MMMarkdownTests.m; sourceTree = "<group>"; };
		F5E5FD361F2B251300F66BC9 /* MMPHPMarkdownTests.m */ = {isa = PBXFileReference; lastKnownFileType = sourcecode.c.objc; path = MMPHPMarkdownTests.m; sourceTree = "<group>"; };
		F5E5FD371F2B251300F66BC9 /* MMSpanTests.m */ = {isa = PBXFileReference; lastKnownFileType = sourcecode.c.objc; path = MMSpanTests.m; sourceTree = "<group>"; };
		F5E5FD381F2B251300F66BC9 /* MMTestCase.h */ = {isa = PBXFileReference; lastKnownFileType = sourcecode.c.h; path = MMTestCase.h; sourceTree = "<group>"; };
		F5E5FD391F2B251300F66BC9 /* MMTestCase.m */ = {isa = PBXFileReference; lastKnownFileType = sourcecode.c.objc; path = MMTestCase.m; sourceTree = "<group>"; };
		F5E5FD3B1F2B251300F66BC9 /* Backslash escapes.html */ = {isa = PBXFileReference; lastKnownFileType = text.html; path = "Backslash escapes.html"; sourceTree = "<group>"; };
		F5E5FD3C1F2B251300F66BC9 /* Backslash escapes.text */ = {isa = PBXFileReference; lastKnownFileType = net.daringfireball.markdown; path = "Backslash escapes.text"; sourceTree = "<group>"; };
		F5E5FD3D1F2B251300F66BC9 /* Code block in a list item.html */ = {isa = PBXFileReference; lastKnownFileType = text.html; path = "Code block in a list item.html"; sourceTree = "<group>"; };
		F5E5FD3E1F2B251300F66BC9 /* Code block in a list item.text */ = {isa = PBXFileReference; lastKnownFileType = net.daringfireball.markdown; path = "Code block in a list item.text"; sourceTree = "<group>"; };
		F5E5FD3F1F2B251300F66BC9 /* Code Spans.html */ = {isa = PBXFileReference; lastKnownFileType = text.html; path = "Code Spans.html"; sourceTree = "<group>"; };
		F5E5FD401F2B251300F66BC9 /* Code Spans.text */ = {isa = PBXFileReference; lastKnownFileType = net.daringfireball.markdown; path = "Code Spans.text"; sourceTree = "<group>"; };
		F5E5FD411F2B251300F66BC9 /* Email auto links.html */ = {isa = PBXFileReference; lastKnownFileType = text.html; path = "Email auto links.html"; sourceTree = "<group>"; };
		F5E5FD421F2B251300F66BC9 /* Email auto links.text */ = {isa = PBXFileReference; lastKnownFileType = net.daringfireball.markdown; path = "Email auto links.text"; sourceTree = "<group>"; };
		F5E5FD431F2B251300F66BC9 /* Emphasis.html */ = {isa = PBXFileReference; lastKnownFileType = text.html; path = Emphasis.html; sourceTree = "<group>"; };
		F5E5FD441F2B251300F66BC9 /* Emphasis.text */ = {isa = PBXFileReference; lastKnownFileType = net.daringfireball.markdown; path = Emphasis.text; sourceTree = "<group>"; };
		F5E5FD451F2B251300F66BC9 /* Headers.html */ = {isa = PBXFileReference; lastKnownFileType = text.html; path = Headers.html; sourceTree = "<group>"; };
		F5E5FD461F2B251300F66BC9 /* Headers.text */ = {isa = PBXFileReference; lastKnownFileType = net.daringfireball.markdown; path = Headers.text; sourceTree = "<group>"; };
		F5E5FD471F2B251300F66BC9 /* Images (Untitled).html */ = {isa = PBXFileReference; lastKnownFileType = text.html; path = "Images (Untitled).html"; sourceTree = "<group>"; };
		F5E5FD481F2B251300F66BC9 /* Images (Untitled).text */ = {isa = PBXFileReference; lastKnownFileType = net.daringfireball.markdown; path = "Images (Untitled).text"; sourceTree = "<group>"; };
		F5E5FD491F2B251300F66BC9 /* Inline HTML (Simple).html */ = {isa = PBXFileReference; lastKnownFileType = text.html; path = "Inline HTML (Simple).html"; sourceTree = "<group>"; };
		F5E5FD4A1F2B251300F66BC9 /* Inline HTML (Simple).text */ = {isa = PBXFileReference; lastKnownFileType = net.daringfireball.markdown; path = "Inline HTML (Simple).text"; sourceTree = "<group>"; };
		F5E5FD4B1F2B251300F66BC9 /* Inline HTML (Span).html */ = {isa = PBXFileReference; lastKnownFileType = text.html; path = "Inline HTML (Span).html"; sourceTree = "<group>"; };
		F5E5FD4C1F2B251300F66BC9 /* Inline HTML (Span).text */ = {isa = PBXFileReference; lastKnownFileType = net.daringfireball.markdown; path = "Inline HTML (Span).text"; sourceTree = "<group>"; };
		F5E5FD4D1F2B251300F66BC9 /* Inline HTML comments.html */ = {isa = PBXFileReference; lastKnownFileType = text.html; path = "Inline HTML comments.html"; sourceTree = "<group>"; };
		F5E5FD4E1F2B251300F66BC9 /* Inline HTML comments.text */ = {isa = PBXFileReference; lastKnownFileType = net.daringfireball.markdown; path = "Inline HTML comments.text"; sourceTree = "<group>"; };
		F5E5FD4F1F2B251300F66BC9 /* Ins & del.html */ = {isa = PBXFileReference; lastKnownFileType = text.html; path = "Ins & del.html"; sourceTree = "<group>"; };
		F5E5FD501F2B251300F66BC9 /* Ins & del.text */ = {isa = PBXFileReference; lastKnownFileType = net.daringfireball.markdown; path = "Ins & del.text"; sourceTree = "<group>"; };
		F5E5FD511F2B251300F66BC9 /* Links, inline style.html */ = {isa = PBXFileReference; lastKnownFileType = text.html; path = "Links, inline style.html"; sourceTree = "<group>"; };
		F5E5FD521F2B251300F66BC9 /* Links, inline style.text */ = {isa = PBXFileReference; lastKnownFileType = net.daringfireball.markdown; path = "Links, inline style.text"; sourceTree = "<group>"; };
		F5E5FD531F2B251300F66BC9 /* MD5 Hashes.html */ = {isa = PBXFileReference; lastKnownFileType = text.html; path = "MD5 Hashes.html"; sourceTree = "<group>"; };
		F5E5FD541F2B251300F66BC9 /* MD5 Hashes.text */ = {isa = PBXFileReference; lastKnownFileType = net.daringfireball.markdown; path = "MD5 Hashes.text"; sourceTree = "<group>"; };
		F5E5FD551F2B251300F66BC9 /* Nesting.html */ = {isa = PBXFileReference; lastKnownFileType = text.html; path = Nesting.html; sourceTree = "<group>"; };
		F5E5FD561F2B251300F66BC9 /* Nesting.text */ = {isa = PBXFileReference; lastKnownFileType = net.daringfireball.markdown; path = Nesting.text; sourceTree = "<group>"; };
		F5E5FD571F2B251300F66BC9 /* Parens in URL.html */ = {isa = PBXFileReference; lastKnownFileType = text.html; path = "Parens in URL.html"; sourceTree = "<group>"; };
		F5E5FD581F2B251300F66BC9 /* Parens in URL.text */ = {isa = PBXFileReference; lastKnownFileType = net.daringfireball.markdown; path = "Parens in URL.text"; sourceTree = "<group>"; };
		F5E5FD591F2B251300F66BC9 /* PHP-Specific Bugs.html */ = {isa = PBXFileReference; lastKnownFileType = text.html; path = "PHP-Specific Bugs.html"; sourceTree = "<group>"; };
		F5E5FD5A1F2B251300F66BC9 /* PHP-Specific Bugs.text */ = {isa = PBXFileReference; lastKnownFileType = net.daringfireball.markdown; path = "PHP-Specific Bugs.text"; sourceTree = "<group>"; };
		F5E5FD5B1F2B251300F66BC9 /* Tight blocks.html */ = {isa = PBXFileReference; lastKnownFileType = text.html; path = "Tight blocks.html"; sourceTree = "<group>"; };
		F5E5FD5C1F2B251300F66BC9 /* Tight blocks.text */ = {isa = PBXFileReference; lastKnownFileType = net.daringfireball.markdown; path = "Tight blocks.text"; sourceTree = "<group>"; };
		F5E5FD5E1F2B251300F66BC9 /* Info.plist */ = {isa = PBXFileReference; lastKnownFileType = text.plist.xml; path = Info.plist; sourceTree = "<group>"; };
		F5E5FD5F1F2B251300F66BC9 /* MMDocument.h */ = {isa = PBXFileReference; lastKnownFileType = sourcecode.c.h; path = MMDocument.h; sourceTree = "<group>"; };
		F5E5FD601F2B251300F66BC9 /* MMDocument.m */ = {isa = PBXFileReference; lastKnownFileType = sourcecode.c.objc; path = MMDocument.m; sourceTree = "<group>"; };
		F5E5FD611F2B251300F66BC9 /* MMDocument_Private.h */ = {isa = PBXFileReference; lastKnownFileType = sourcecode.c.h; path = MMDocument_Private.h; sourceTree = "<group>"; };
		F5E5FD621F2B251300F66BC9 /* MMElement.h */ = {isa = PBXFileReference; lastKnownFileType = sourcecode.c.h; path = MMElement.h; sourceTree = "<group>"; };
		F5E5FD631F2B251300F66BC9 /* MMElement.m */ = {isa = PBXFileReference; lastKnownFileType = sourcecode.c.objc; path = MMElement.m; sourceTree = "<group>"; };
		F5E5FD641F2B251300F66BC9 /* MMGenerator.h */ = {isa = PBXFileReference; lastKnownFileType = sourcecode.c.h; path = MMGenerator.h; sourceTree = "<group>"; };
		F5E5FD651F2B251300F66BC9 /* MMGenerator.m */ = {isa = PBXFileReference; lastKnownFileType = sourcecode.c.objc; path = MMGenerator.m; sourceTree = "<group>"; };
		F5E5FD661F2B251300F66BC9 /* MMHTMLParser.h */ = {isa = PBXFileReference; lastKnownFileType = sourcecode.c.h; path = MMHTMLParser.h; sourceTree = "<group>"; };
		F5E5FD671F2B251300F66BC9 /* MMHTMLParser.m */ = {isa = PBXFileReference; lastKnownFileType = sourcecode.c.objc; path = MMHTMLParser.m; sourceTree = "<group>"; };
		F5E5FD681F2B251300F66BC9 /* MMMarkdown-Prefix.pch */ = {isa = PBXFileReference; lastKnownFileType = sourcecode.c.h; path = "MMMarkdown-Prefix.pch"; sourceTree = "<group>"; };
		F5E5FD691F2B251300F66BC9 /* MMMarkdown.h */ = {isa = PBXFileReference; lastKnownFileType = sourcecode.c.h; path = MMMarkdown.h; sourceTree = "<group>"; };
		F5E5FD6A1F2B251300F66BC9 /* MMMarkdown.m */ = {isa = PBXFileReference; lastKnownFileType = sourcecode.c.objc; path = MMMarkdown.m; sourceTree = "<group>"; };
		F5E5FD6B1F2B251300F66BC9 /* MMParser.h */ = {isa = PBXFileReference; lastKnownFileType = sourcecode.c.h; path = MMParser.h; sourceTree = "<group>"; };
		F5E5FD6C1F2B251300F66BC9 /* MMParser.m */ = {isa = PBXFileReference; lastKnownFileType = sourcecode.c.objc; path = MMParser.m; sourceTree = "<group>"; };
		F5E5FD6D1F2B251300F66BC9 /* MMScanner.h */ = {isa = PBXFileReference; lastKnownFileType = sourcecode.c.h; path = MMScanner.h; sourceTree = "<group>"; };
		F5E5FD6E1F2B251300F66BC9 /* MMScanner.m */ = {isa = PBXFileReference; lastKnownFileType = sourcecode.c.objc; path = MMScanner.m; sourceTree = "<group>"; };
		F5E5FD6F1F2B251300F66BC9 /* MMSpanParser.h */ = {isa = PBXFileReference; lastKnownFileType = sourcecode.c.h; path = MMSpanParser.h; sourceTree = "<group>"; };
		F5E5FD701F2B251300F66BC9 /* MMSpanParser.m */ = {isa = PBXFileReference; lastKnownFileType = sourcecode.c.objc; path = MMSpanParser.m; sourceTree = "<group>"; };
/* End PBXFileReference section */

/* Begin PBXFrameworksBuildPhase section */
		BE23E8F01C0CF3EF0087F587 /* Frameworks */ = {
			isa = PBXFrameworksBuildPhase;
			buildActionMask = 2147483647;
			files = (
			);
			runOnlyForDeploymentPostprocessing = 0;
		};
		BE23E90F1C0CF77D0087F587 /* Frameworks */ = {
			isa = PBXFrameworksBuildPhase;
			buildActionMask = 2147483647;
			files = (
			);
			runOnlyForDeploymentPostprocessing = 0;
		};
		BED761531B374D6700687B36 /* Frameworks */ = {
			isa = PBXFrameworksBuildPhase;
			buildActionMask = 2147483647;
			files = (
			);
			runOnlyForDeploymentPostprocessing = 0;
		};
		BED7615E1B374D6700687B36 /* Frameworks */ = {
			isa = PBXFrameworksBuildPhase;
			buildActionMask = 2147483647;
			files = (
				BED761621B374D6700687B36 /* MMMarkdown.framework in Frameworks */,
			);
			runOnlyForDeploymentPostprocessing = 0;
		};
		BED7620B1B37810000687B36 /* Frameworks */ = {
			isa = PBXFrameworksBuildPhase;
			buildActionMask = 2147483647;
			files = (
			);
			runOnlyForDeploymentPostprocessing = 0;
		};
/* End PBXFrameworksBuildPhase section */

/* Begin PBXGroup section */
		BE813DCB14F893EB00EC9469 = {
			isa = PBXGroup;
			children = (
				F5E5FD5D1F2B251300F66BC9 /* Source */,
				F5E5FD011F2B251300F66BC9 /* Tests */,
				BE813DD814F893EB00EC9469 /* Frameworks */,
				BE813DD714F893EB00EC9469 /* Products */,
			);
			sourceTree = "<group>";
			usesTabs = 0;
		};
		BE813DD714F893EB00EC9469 /* Products */ = {
			isa = PBXGroup;
			children = (
				BED761571B374D6700687B36 /* MMMarkdown.framework */,
				BED761611B374D6700687B36 /* MMMarkdownTests.xctest */,
				BED7620F1B37810000687B36 /* MMMarkdown.framework */,
				BE23E8F41C0CF3EF0087F587 /* MMMarkdown.framework */,
				BE23E9131C0CF77D0087F587 /* MMMarkdown.framework */,
			);
			name = Products;
			sourceTree = "<group>";
		};
		BE813DD814F893EB00EC9469 /* Frameworks */ = {
			isa = PBXGroup;
			children = (
				BE813DDE14F893EB00EC9469 /* Foundation.framework */,
			);
			name = Frameworks;
			sourceTree = "<group>";
		};
		F5E5FD011F2B251300F66BC9 /* Tests */ = {
			isa = PBXGroup;
			children = (
				F5E5FD021F2B251300F66BC9 /* Info.plist */,
				F5E5FD031F2B251300F66BC9 /* MarkdownTest_1.0 */,
				F5E5FD2C1F2B251300F66BC9 /* MMBlockTests.m */,
				F5E5FD2D1F2B251300F66BC9 /* MMErrorTests.m */,
				F5E5FD2E1F2B251300F66BC9 /* MMEscapingTests.m */,
				F5E5FD2F1F2B251300F66BC9 /* MMExtensionTests.m */,
				F5E5FD301F2B251300F66BC9 /* MMHTMLTests.m */,
				F5E5FD311F2B251300F66BC9 /* MMImageTests.m */,
				F5E5FD321F2B251300F66BC9 /* MMLinkTests.m */,
				F5E5FD331F2B251300F66BC9 /* MMListTests.m */,
				F5E5FD341F2B251300F66BC9 /* MMMarkdownTests.h */,
				F5E5FD351F2B251300F66BC9 /* MMMarkdownTests.m */,
				F5E5FD361F2B251300F66BC9 /* MMPHPMarkdownTests.m */,
				F5E5FD371F2B251300F66BC9 /* MMSpanTests.m */,
				F5E5FD381F2B251300F66BC9 /* MMTestCase.h */,
				F5E5FD391F2B251300F66BC9 /* MMTestCase.m */,
				F5E5FD3A1F2B251300F66BC9 /* php-markdown */,
			);
			path = Tests;
			sourceTree = "<group>";
		};
		F5E5FD031F2B251300F66BC9 /* MarkdownTest_1.0 */ = {
			isa = PBXGroup;
			children = (
				F5E5FD041F2B251300F66BC9 /* MarkdownTest.pl */,
				F5E5FD051F2B251300F66BC9 /* Tests */,
			);
			path = MarkdownTest_1.0;
			sourceTree = "<group>";
		};
		F5E5FD051F2B251300F66BC9 /* Tests */ = {
			isa = PBXGroup;
			children = (
				F5E5FD061F2B251300F66BC9 /* Amps and angle encoding.html */,
				F5E5FD071F2B251300F66BC9 /* Amps and angle encoding.text */,
				F5E5FD081F2B251300F66BC9 /* Auto links.html */,
				F5E5FD091F2B251300F66BC9 /* Auto links.text */,
				F5E5FD0A1F2B251300F66BC9 /* Backslash escapes.html */,
				F5E5FD0B1F2B251300F66BC9 /* Backslash escapes.text */,
				F5E5FD0C1F2B251300F66BC9 /* Blockquotes with code blocks.html */,
				F5E5FD0D1F2B251300F66BC9 /* Blockquotes with code blocks.text */,
				F5E5FD0E1F2B251300F66BC9 /* Hard-wrapped paragraphs with list-like lines.html */,
				F5E5FD0F1F2B251300F66BC9 /* Hard-wrapped paragraphs with list-like lines.text */,
				F5E5FD101F2B251300F66BC9 /* Horizontal rules.html */,
				F5E5FD111F2B251300F66BC9 /* Horizontal rules.text */,
				F5E5FD121F2B251300F66BC9 /* Inline HTML (Advanced).html */,
				F5E5FD131F2B251300F66BC9 /* Inline HTML (Advanced).text */,
				F5E5FD141F2B251300F66BC9 /* Inline HTML (Simple).html */,
				F5E5FD151F2B251300F66BC9 /* Inline HTML (Simple).text */,
				F5E5FD161F2B251300F66BC9 /* Inline HTML comments.html */,
				F5E5FD171F2B251300F66BC9 /* Inline HTML comments.text */,
				F5E5FD181F2B251300F66BC9 /* Links, inline style.html */,
				F5E5FD191F2B251300F66BC9 /* Links, inline style.text */,
				F5E5FD1A1F2B251300F66BC9 /* Links, reference style.html */,
				F5E5FD1B1F2B251300F66BC9 /* Links, reference style.text */,
				F5E5FD1C1F2B251300F66BC9 /* Literal quotes in titles.html */,
				F5E5FD1D1F2B251300F66BC9 /* Literal quotes in titles.text */,
				F5E5FD1E1F2B251300F66BC9 /* Markdown Documentation - Basics.html */,
				F5E5FD1F1F2B251300F66BC9 /* Markdown Documentation - Basics.text */,
				F5E5FD201F2B251300F66BC9 /* Markdown Documentation - Syntax.html */,
				F5E5FD211F2B251300F66BC9 /* Markdown Documentation - Syntax.text */,
				F5E5FD221F2B251300F66BC9 /* Nested blockquotes.html */,
				F5E5FD231F2B251300F66BC9 /* Nested blockquotes.text */,
				F5E5FD241F2B251300F66BC9 /* Ordered and unordered lists.html */,
				F5E5FD251F2B251300F66BC9 /* Ordered and unordered lists.text */,
				F5E5FD261F2B251300F66BC9 /* Strong and em together.html */,
				F5E5FD271F2B251300F66BC9 /* Strong and em together.text */,
				F5E5FD281F2B251300F66BC9 /* Tabs.html */,
				F5E5FD291F2B251300F66BC9 /* Tabs.text */,
				F5E5FD2A1F2B251300F66BC9 /* Tidyness.html */,
				F5E5FD2B1F2B251300F66BC9 /* Tidyness.text */,
			);
			path = Tests;
			sourceTree = "<group>";
		};
		F5E5FD3A1F2B251300F66BC9 /* php-markdown */ = {
			isa = PBXGroup;
			children = (
				F5E5FD3B1F2B251300F66BC9 /* Backslash escapes.html */,
				F5E5FD3C1F2B251300F66BC9 /* Backslash escapes.text */,
				F5E5FD3D1F2B251300F66BC9 /* Code block in a list item.html */,
				F5E5FD3E1F2B251300F66BC9 /* Code block in a list item.text */,
				F5E5FD3F1F2B251300F66BC9 /* Code Spans.html */,
				F5E5FD401F2B251300F66BC9 /* Code Spans.text */,
				F5E5FD411F2B251300F66BC9 /* Email auto links.html */,
				F5E5FD421F2B251300F66BC9 /* Email auto links.text */,
				F5E5FD431F2B251300F66BC9 /* Emphasis.html */,
				F5E5FD441F2B251300F66BC9 /* Emphasis.text */,
				F5E5FD451F2B251300F66BC9 /* Headers.html */,
				F5E5FD461F2B251300F66BC9 /* Headers.text */,
				F5E5FD471F2B251300F66BC9 /* Images (Untitled).html */,
				F5E5FD481F2B251300F66BC9 /* Images (Untitled).text */,
				F5E5FD491F2B251300F66BC9 /* Inline HTML (Simple).html */,
				F5E5FD4A1F2B251300F66BC9 /* Inline HTML (Simple).text */,
				F5E5FD4B1F2B251300F66BC9 /* Inline HTML (Span).html */,
				F5E5FD4C1F2B251300F66BC9 /* Inline HTML (Span).text */,
				F5E5FD4D1F2B251300F66BC9 /* Inline HTML comments.html */,
				F5E5FD4E1F2B251300F66BC9 /* Inline HTML comments.text */,
				F5E5FD4F1F2B251300F66BC9 /* Ins & del.html */,
				F5E5FD501F2B251300F66BC9 /* Ins & del.text */,
				F5E5FD511F2B251300F66BC9 /* Links, inline style.html */,
				F5E5FD521F2B251300F66BC9 /* Links, inline style.text */,
				F5E5FD531F2B251300F66BC9 /* MD5 Hashes.html */,
				F5E5FD541F2B251300F66BC9 /* MD5 Hashes.text */,
				F5E5FD551F2B251300F66BC9 /* Nesting.html */,
				F5E5FD561F2B251300F66BC9 /* Nesting.text */,
				F5E5FD571F2B251300F66BC9 /* Parens in URL.html */,
				F5E5FD581F2B251300F66BC9 /* Parens in URL.text */,
				F5E5FD591F2B251300F66BC9 /* PHP-Specific Bugs.html */,
				F5E5FD5A1F2B251300F66BC9 /* PHP-Specific Bugs.text */,
				F5E5FD5B1F2B251300F66BC9 /* Tight blocks.html */,
				F5E5FD5C1F2B251300F66BC9 /* Tight blocks.text */,
			);
			path = "php-markdown";
			sourceTree = "<group>";
		};
		F5E5FD5D1F2B251300F66BC9 /* Source */ = {
			isa = PBXGroup;
			children = (
				F5E5FD5E1F2B251300F66BC9 /* Info.plist */,
				F5E5FD5F1F2B251300F66BC9 /* MMDocument.h */,
				F5E5FD601F2B251300F66BC9 /* MMDocument.m */,
				F5E5FD611F2B251300F66BC9 /* MMDocument_Private.h */,
				F5E5FD621F2B251300F66BC9 /* MMElement.h */,
				F5E5FD631F2B251300F66BC9 /* MMElement.m */,
				F5E5FD641F2B251300F66BC9 /* MMGenerator.h */,
				F5E5FD651F2B251300F66BC9 /* MMGenerator.m */,
				F5E5FD661F2B251300F66BC9 /* MMHTMLParser.h */,
				F5E5FD671F2B251300F66BC9 /* MMHTMLParser.m */,
				F5E5FD681F2B251300F66BC9 /* MMMarkdown-Prefix.pch */,
				F5E5FD691F2B251300F66BC9 /* MMMarkdown.h */,
				F5E5FD6A1F2B251300F66BC9 /* MMMarkdown.m */,
				F5E5FD6B1F2B251300F66BC9 /* MMParser.h */,
				F5E5FD6C1F2B251300F66BC9 /* MMParser.m */,
				F5E5FD6D1F2B251300F66BC9 /* MMScanner.h */,
				F5E5FD6E1F2B251300F66BC9 /* MMScanner.m */,
				F5E5FD6F1F2B251300F66BC9 /* MMSpanParser.h */,
				F5E5FD701F2B251300F66BC9 /* MMSpanParser.m */,
			);
			path = Source;
			sourceTree = "<group>";
		};
/* End PBXGroup section */

/* Begin PBXHeadersBuildPhase section */
		BE23E8F11C0CF3EF0087F587 /* Headers */ = {
			isa = PBXHeadersBuildPhase;
			buildActionMask = 2147483647;
			files = (
			);
			runOnlyForDeploymentPostprocessing = 0;
		};
		BE23E9101C0CF77D0087F587 /* Headers */ = {
			isa = PBXHeadersBuildPhase;
			buildActionMask = 2147483647;
			files = (
			);
			runOnlyForDeploymentPostprocessing = 0;
		};
		BED761541B374D6700687B36 /* Headers */ = {
			isa = PBXHeadersBuildPhase;
			buildActionMask = 2147483647;
			files = (
			);
			runOnlyForDeploymentPostprocessing = 0;
		};
		BED7620C1B37810000687B36 /* Headers */ = {
			isa = PBXHeadersBuildPhase;
			buildActionMask = 2147483647;
			files = (
			);
			runOnlyForDeploymentPostprocessing = 0;
		};
/* End PBXHeadersBuildPhase section */

/* Begin PBXNativeTarget section */
		BE23E8F31C0CF3EF0087F587 /* MMMarkdown (tvOS) */ = {
			isa = PBXNativeTarget;
			buildConfigurationList = BE23E8FB1C0CF3EF0087F587 /* Build configuration list for PBXNativeTarget "MMMarkdown (tvOS)" */;
			buildPhases = (
				BE23E8EF1C0CF3EF0087F587 /* Sources */,
				BE23E8F01C0CF3EF0087F587 /* Frameworks */,
				BE23E8F11C0CF3EF0087F587 /* Headers */,
				BE23E8F21C0CF3EF0087F587 /* Resources */,
			);
			buildRules = (
			);
			dependencies = (
			);
			name = "MMMarkdown (tvOS)";
			productName = MMMarkdown;
			productReference = BE23E8F41C0CF3EF0087F587 /* MMMarkdown.framework */;
			productType = "com.apple.product-type.framework";
		};
		BE23E9121C0CF77D0087F587 /* MMMarkdown (watchOS) */ = {
			isa = PBXNativeTarget;
			buildConfigurationList = BE23E9181C0CF77D0087F587 /* Build configuration list for PBXNativeTarget "MMMarkdown (watchOS)" */;
			buildPhases = (
				BE23E90E1C0CF77D0087F587 /* Sources */,
				BE23E90F1C0CF77D0087F587 /* Frameworks */,
				BE23E9101C0CF77D0087F587 /* Headers */,
				BE23E9111C0CF77D0087F587 /* Resources */,
			);
			buildRules = (
			);
			dependencies = (
			);
			name = "MMMarkdown (watchOS)";
			productName = MMMarkdown;
			productReference = BE23E9131C0CF77D0087F587 /* MMMarkdown.framework */;
			productType = "com.apple.product-type.framework";
		};
		BED761561B374D6700687B36 /* MMMarkdown (OS X) */ = {
			isa = PBXNativeTarget;
			buildConfigurationList = BED7616E1B374D6700687B36 /* Build configuration list for PBXNativeTarget "MMMarkdown (OS X)" */;
			buildPhases = (
				BED761521B374D6700687B36 /* Sources */,
				BED761531B374D6700687B36 /* Frameworks */,
				BED761541B374D6700687B36 /* Headers */,
				BED761551B374D6700687B36 /* Resources */,
			);
			buildRules = (
			);
			dependencies = (
			);
			name = "MMMarkdown (OS X)";
			productName = MMMarkdown;
			productReference = BED761571B374D6700687B36 /* MMMarkdown.framework */;
			productType = "com.apple.product-type.framework";
		};
		BED761601B374D6700687B36 /* MMMarkdownTests */ = {
			isa = PBXNativeTarget;
			buildConfigurationList = BED7616F1B374D6700687B36 /* Build configuration list for PBXNativeTarget "MMMarkdownTests" */;
			buildPhases = (
				BED7615D1B374D6700687B36 /* Sources */,
				BED7615E1B374D6700687B36 /* Frameworks */,
				BED7615F1B374D6700687B36 /* Resources */,
				BED7618E1B37787800687B36 /* Copy MarkdownTest_1.0 Files */,
				BED761B51B3778C100687B36 /* Copy php-markdown Files */,
			);
			buildRules = (
			);
			dependencies = (
				BED761641B374D6700687B36 /* PBXTargetDependency */,
			);
			name = MMMarkdownTests;
			productName = MMMarkdownTests;
			productReference = BED761611B374D6700687B36 /* MMMarkdownTests.xctest */;
			productType = "com.apple.product-type.bundle.unit-test";
		};
		BED7620E1B37810000687B36 /* MMMarkdown (iOS) */ = {
			isa = PBXNativeTarget;
			buildConfigurationList = BED762261B37810000687B36 /* Build configuration list for PBXNativeTarget "MMMarkdown (iOS)" */;
			buildPhases = (
				BED7620A1B37810000687B36 /* Sources */,
				BED7620B1B37810000687B36 /* Frameworks */,
				BED7620C1B37810000687B36 /* Headers */,
				BED7620D1B37810000687B36 /* Resources */,
			);
			buildRules = (
			);
			dependencies = (
			);
			name = "MMMarkdown (iOS)";
			productName = MMMarkdown;
			productReference = BED7620F1B37810000687B36 /* MMMarkdown.framework */;
			productType = "com.apple.product-type.framework";
		};
/* End PBXNativeTarget section */

/* Begin PBXProject section */
		BE813DCD14F893EB00EC9469 /* Project object */ = {
			isa = PBXProject;
			attributes = {
				LastUpgradeCheck = 0710;
				TargetAttributes = {
					BE23E8F31C0CF3EF0087F587 = {
						CreatedOnToolsVersion = 7.1.1;
					};
					BE23E9121C0CF77D0087F587 = {
						CreatedOnToolsVersion = 7.1.1;
					};
					BED761561B374D6700687B36 = {
						CreatedOnToolsVersion = 6.3.2;
					};
					BED761601B374D6700687B36 = {
						CreatedOnToolsVersion = 6.3.2;
					};
					BED7620E1B37810000687B36 = {
						CreatedOnToolsVersion = 6.3.2;
					};
				};
			};
			buildConfigurationList = BE813DD014F893EB00EC9469 /* Build configuration list for PBXProject "MMMarkdown" */;
			compatibilityVersion = "Xcode 3.2";
			developmentRegion = English;
			hasScannedForEncodings = 0;
			knownRegions = (
				en,
			);
			mainGroup = BE813DCB14F893EB00EC9469;
			productRefGroup = BE813DD714F893EB00EC9469 /* Products */;
			projectDirPath = "";
			projectRoot = "";
			targets = (
				BED7620E1B37810000687B36 /* MMMarkdown (iOS) */,
				BED761561B374D6700687B36 /* MMMarkdown (OS X) */,
				BE23E8F31C0CF3EF0087F587 /* MMMarkdown (tvOS) */,
				BE23E9121C0CF77D0087F587 /* MMMarkdown (watchOS) */,
				BED761601B374D6700687B36 /* MMMarkdownTests */,
			);
		};
/* End PBXProject section */

/* Begin PBXResourcesBuildPhase section */
		BE23E8F21C0CF3EF0087F587 /* Resources */ = {
			isa = PBXResourcesBuildPhase;
			buildActionMask = 2147483647;
			files = (
			);
			runOnlyForDeploymentPostprocessing = 0;
		};
		BE23E9111C0CF77D0087F587 /* Resources */ = {
			isa = PBXResourcesBuildPhase;
			buildActionMask = 2147483647;
			files = (
			);
			runOnlyForDeploymentPostprocessing = 0;
		};
		BED761551B374D6700687B36 /* Resources */ = {
			isa = PBXResourcesBuildPhase;
			buildActionMask = 2147483647;
			files = (
			);
			runOnlyForDeploymentPostprocessing = 0;
		};
		BED7615F1B374D6700687B36 /* Resources */ = {
			isa = PBXResourcesBuildPhase;
			buildActionMask = 2147483647;
			files = (
			);
			runOnlyForDeploymentPostprocessing = 0;
		};
		BED7620D1B37810000687B36 /* Resources */ = {
			isa = PBXResourcesBuildPhase;
			buildActionMask = 2147483647;
			files = (
			);
			runOnlyForDeploymentPostprocessing = 0;
		};
/* End PBXResourcesBuildPhase section */

/* Begin PBXSourcesBuildPhase section */
		BE23E8EF1C0CF3EF0087F587 /* Sources */ = {
			isa = PBXSourcesBuildPhase;
			buildActionMask = 2147483647;
			files = (
			);
			runOnlyForDeploymentPostprocessing = 0;
		};
		BE23E90E1C0CF77D0087F587 /* Sources */ = {
			isa = PBXSourcesBuildPhase;
			buildActionMask = 2147483647;
			files = (
			);
			runOnlyForDeploymentPostprocessing = 0;
		};
		BED761521B374D6700687B36 /* Sources */ = {
			isa = PBXSourcesBuildPhase;
			buildActionMask = 2147483647;
			files = (
			);
			runOnlyForDeploymentPostprocessing = 0;
		};
		BED7615D1B374D6700687B36 /* Sources */ = {
			isa = PBXSourcesBuildPhase;
			buildActionMask = 2147483647;
			files = (
			);
			runOnlyForDeploymentPostprocessing = 0;
		};
		BED7620A1B37810000687B36 /* Sources */ = {
			isa = PBXSourcesBuildPhase;
			buildActionMask = 2147483647;
			files = (
			);
			runOnlyForDeploymentPostprocessing = 0;
		};
/* End PBXSourcesBuildPhase section */

/* Begin PBXTargetDependency section */
		BED761641B374D6700687B36 /* PBXTargetDependency */ = {
			isa = PBXTargetDependency;
			target = BED761561B374D6700687B36 /* MMMarkdown (OS X) */;
			targetProxy = BED761631B374D6700687B36 /* PBXContainerItemProxy */;
		};
/* End PBXTargetDependency section */

/* Begin XCBuildConfiguration section */
		BE23E8F91C0CF3EF0087F587 /* Debug */ = {
			isa = XCBuildConfiguration;
			buildSettings = {
				CLANG_CXX_LANGUAGE_STANDARD = "gnu++0x";
				CLANG_CXX_LIBRARY = "libc++";
				CLANG_ENABLE_MODULES = YES;
				CLANG_WARN_DIRECT_OBJC_ISA_USAGE = YES_ERROR;
				CLANG_WARN_OBJC_ROOT_CLASS = YES_ERROR;
				CURRENT_PROJECT_VERSION = 1;
				DEBUG_INFORMATION_FORMAT = dwarf;
				DEFINES_MODULE = YES;
				DYLIB_COMPATIBILITY_VERSION = 1;
				DYLIB_CURRENT_VERSION = 1;
				DYLIB_INSTALL_NAME_BASE = "@rpath";
				GCC_WARN_ABOUT_RETURN_TYPE = YES_ERROR;
				GCC_WARN_UNINITIALIZED_AUTOS = YES_AGGRESSIVE;
				INFOPLIST_FILE = Source/Info.plist;
				INSTALL_PATH = "$(LOCAL_LIBRARY_DIR)/Frameworks";
				LD_RUNPATH_SEARCH_PATHS = "$(inherited) @executable_path/Frameworks @loader_path/Frameworks";
				MTL_ENABLE_DEBUG_INFO = YES;
				PRODUCT_BUNDLE_IDENTIFIER = com.diephouse.matt.MMMarkdown;
				PRODUCT_NAME = MMMarkdown;
				SDKROOT = appletvos;
				SKIP_INSTALL = YES;
				TARGETED_DEVICE_FAMILY = 3;
				TVOS_DEPLOYMENT_TARGET = 9.0;
				VERSIONING_SYSTEM = "apple-generic";
				VERSION_INFO_PREFIX = "";
			};
			name = Debug;
		};
		BE23E8FA1C0CF3EF0087F587 /* Release */ = {
			isa = XCBuildConfiguration;
			buildSettings = {
				CLANG_CXX_LANGUAGE_STANDARD = "gnu++0x";
				CLANG_CXX_LIBRARY = "libc++";
				CLANG_ENABLE_MODULES = YES;
				CLANG_WARN_DIRECT_OBJC_ISA_USAGE = YES_ERROR;
				CLANG_WARN_OBJC_ROOT_CLASS = YES_ERROR;
				COPY_PHASE_STRIP = NO;
				CURRENT_PROJECT_VERSION = 1;
				DEFINES_MODULE = YES;
				DYLIB_COMPATIBILITY_VERSION = 1;
				DYLIB_CURRENT_VERSION = 1;
				DYLIB_INSTALL_NAME_BASE = "@rpath";
				ENABLE_NS_ASSERTIONS = NO;
				GCC_WARN_ABOUT_RETURN_TYPE = YES_ERROR;
				GCC_WARN_UNINITIALIZED_AUTOS = YES_AGGRESSIVE;
				INFOPLIST_FILE = Source/Info.plist;
				INSTALL_PATH = "$(LOCAL_LIBRARY_DIR)/Frameworks";
				LD_RUNPATH_SEARCH_PATHS = "$(inherited) @executable_path/Frameworks @loader_path/Frameworks";
				MTL_ENABLE_DEBUG_INFO = NO;
				PRODUCT_BUNDLE_IDENTIFIER = com.diephouse.matt.MMMarkdown;
				PRODUCT_NAME = MMMarkdown;
				SDKROOT = appletvos;
				SKIP_INSTALL = YES;
				TARGETED_DEVICE_FAMILY = 3;
				TVOS_DEPLOYMENT_TARGET = 9.0;
				VALIDATE_PRODUCT = YES;
				VERSIONING_SYSTEM = "apple-generic";
				VERSION_INFO_PREFIX = "";
			};
			name = Release;
		};
		BE23E9191C0CF77D0087F587 /* Debug */ = {
			isa = XCBuildConfiguration;
			buildSettings = {
				APPLICATION_EXTENSION_API_ONLY = YES;
				CLANG_CXX_LANGUAGE_STANDARD = "gnu++0x";
				CLANG_CXX_LIBRARY = "libc++";
				CLANG_ENABLE_MODULES = YES;
				CLANG_WARN_DIRECT_OBJC_ISA_USAGE = YES_ERROR;
				CLANG_WARN_OBJC_ROOT_CLASS = YES_ERROR;
				CURRENT_PROJECT_VERSION = 1;
				DEBUG_INFORMATION_FORMAT = dwarf;
				DEFINES_MODULE = YES;
				DYLIB_COMPATIBILITY_VERSION = 1;
				DYLIB_CURRENT_VERSION = 1;
				DYLIB_INSTALL_NAME_BASE = "@rpath";
				GCC_WARN_ABOUT_RETURN_TYPE = YES_ERROR;
				GCC_WARN_UNINITIALIZED_AUTOS = YES_AGGRESSIVE;
				INFOPLIST_FILE = Source/Info.plist;
				INSTALL_PATH = "$(LOCAL_LIBRARY_DIR)/Frameworks";
				LD_RUNPATH_SEARCH_PATHS = "$(inherited) @executable_path/Frameworks @loader_path/Frameworks";
				MTL_ENABLE_DEBUG_INFO = YES;
				PRODUCT_BUNDLE_IDENTIFIER = com.diephouse.matt.MMMarkdown;
				PRODUCT_NAME = MMMarkdown;
				SDKROOT = watchos;
				SKIP_INSTALL = YES;
				TARGETED_DEVICE_FAMILY = 4;
				VERSIONING_SYSTEM = "apple-generic";
				VERSION_INFO_PREFIX = "";
				WATCHOS_DEPLOYMENT_TARGET = 2.0;
			};
			name = Debug;
		};
		BE23E91A1C0CF77D0087F587 /* Release */ = {
			isa = XCBuildConfiguration;
			buildSettings = {
				APPLICATION_EXTENSION_API_ONLY = YES;
				CLANG_CXX_LANGUAGE_STANDARD = "gnu++0x";
				CLANG_CXX_LIBRARY = "libc++";
				CLANG_ENABLE_MODULES = YES;
				CLANG_WARN_DIRECT_OBJC_ISA_USAGE = YES_ERROR;
				CLANG_WARN_OBJC_ROOT_CLASS = YES_ERROR;
				COPY_PHASE_STRIP = NO;
				CURRENT_PROJECT_VERSION = 1;
				DEFINES_MODULE = YES;
				DYLIB_COMPATIBILITY_VERSION = 1;
				DYLIB_CURRENT_VERSION = 1;
				DYLIB_INSTALL_NAME_BASE = "@rpath";
				ENABLE_NS_ASSERTIONS = NO;
				GCC_WARN_ABOUT_RETURN_TYPE = YES_ERROR;
				GCC_WARN_UNINITIALIZED_AUTOS = YES_AGGRESSIVE;
				INFOPLIST_FILE = Source/Info.plist;
				INSTALL_PATH = "$(LOCAL_LIBRARY_DIR)/Frameworks";
				LD_RUNPATH_SEARCH_PATHS = "$(inherited) @executable_path/Frameworks @loader_path/Frameworks";
				MTL_ENABLE_DEBUG_INFO = NO;
				PRODUCT_BUNDLE_IDENTIFIER = com.diephouse.matt.MMMarkdown;
				PRODUCT_NAME = MMMarkdown;
				SDKROOT = watchos;
				SKIP_INSTALL = YES;
				TARGETED_DEVICE_FAMILY = 4;
				VALIDATE_PRODUCT = YES;
				VERSIONING_SYSTEM = "apple-generic";
				VERSION_INFO_PREFIX = "";
				WATCHOS_DEPLOYMENT_TARGET = 2.0;
			};
			name = Release;
		};
		BE813DFA14F893EB00EC9469 /* Debug */ = {
			isa = XCBuildConfiguration;
			buildSettings = {
				ALWAYS_SEARCH_USER_PATHS = NO;
				CLANG_ANALYZER_SECURITY_INSECUREAPI_RAND = YES;
				CLANG_ENABLE_OBJC_ARC = YES;
				CLANG_WARN_BOOL_CONVERSION = YES;
				CLANG_WARN_CONSTANT_CONVERSION = YES;
				CLANG_WARN_EMPTY_BODY = YES;
				CLANG_WARN_ENUM_CONVERSION = YES;
				CLANG_WARN_INT_CONVERSION = YES;
				CLANG_WARN_UNREACHABLE_CODE = YES;
				CLANG_WARN__DUPLICATE_METHOD_MATCH = YES;
				COPY_PHASE_STRIP = NO;
				ENABLE_STRICT_OBJC_MSGSEND = YES;
				ENABLE_TESTABILITY = YES;
				GCC_C_LANGUAGE_STANDARD = gnu99;
				GCC_DYNAMIC_NO_PIC = NO;
				GCC_ENABLE_OBJC_EXCEPTIONS = YES;
				GCC_NO_COMMON_BLOCKS = YES;
				GCC_OPTIMIZATION_LEVEL = 0;
				GCC_PREPROCESSOR_DEFINITIONS = (
					"DEBUG=1",
					"$(inherited)",
				);
				GCC_SYMBOLS_PRIVATE_EXTERN = NO;
				GCC_VERSION = com.apple.compilers.llvm.clang.1_0;
				GCC_WARN_64_TO_32_BIT_CONVERSION = YES;
				GCC_WARN_ABOUT_RETURN_TYPE = YES;
				GCC_WARN_UNDECLARED_SELECTOR = YES;
				GCC_WARN_UNINITIALIZED_AUTOS = YES;
				GCC_WARN_UNUSED_FUNCTION = YES;
				GCC_WARN_UNUSED_VARIABLE = YES;
				MACOSX_DEPLOYMENT_TARGET = 10.6;
				ONLY_ACTIVE_ARCH = YES;
				SDKROOT = macosx;
			};
			name = Debug;
		};
		BE813DFB14F893EB00EC9469 /* Release */ = {
			isa = XCBuildConfiguration;
			buildSettings = {
				ALWAYS_SEARCH_USER_PATHS = NO;
				CLANG_ANALYZER_SECURITY_INSECUREAPI_RAND = YES;
				CLANG_ENABLE_OBJC_ARC = YES;
				CLANG_WARN_BOOL_CONVERSION = YES;
				CLANG_WARN_CONSTANT_CONVERSION = YES;
				CLANG_WARN_EMPTY_BODY = YES;
				CLANG_WARN_ENUM_CONVERSION = YES;
				CLANG_WARN_INT_CONVERSION = YES;
				CLANG_WARN_UNREACHABLE_CODE = YES;
				CLANG_WARN__DUPLICATE_METHOD_MATCH = YES;
				COPY_PHASE_STRIP = YES;
				DEBUG_INFORMATION_FORMAT = "dwarf-with-dsym";
				ENABLE_STRICT_OBJC_MSGSEND = YES;
				GCC_C_LANGUAGE_STANDARD = gnu99;
				GCC_ENABLE_OBJC_EXCEPTIONS = YES;
				GCC_NO_COMMON_BLOCKS = YES;
				GCC_VERSION = com.apple.compilers.llvm.clang.1_0;
				GCC_WARN_64_TO_32_BIT_CONVERSION = YES;
				GCC_WARN_ABOUT_RETURN_TYPE = YES;
				GCC_WARN_UNDECLARED_SELECTOR = YES;
				GCC_WARN_UNINITIALIZED_AUTOS = YES;
				GCC_WARN_UNUSED_FUNCTION = YES;
				GCC_WARN_UNUSED_VARIABLE = YES;
				MACOSX_DEPLOYMENT_TARGET = 10.6;
				SDKROOT = macosx;
			};
			name = Release;
		};
		BED7616A1B374D6700687B36 /* Debug */ = {
			isa = XCBuildConfiguration;
			buildSettings = {
				CLANG_CXX_LANGUAGE_STANDARD = "gnu++0x";
				CLANG_CXX_LIBRARY = "libc++";
				CLANG_ENABLE_MODULES = YES;
				CLANG_WARN_DIRECT_OBJC_ISA_USAGE = YES_ERROR;
				CLANG_WARN_OBJC_ROOT_CLASS = YES_ERROR;
				COMBINE_HIDPI_IMAGES = YES;
				CURRENT_PROJECT_VERSION = 1;
				DEBUG_INFORMATION_FORMAT = dwarf;
				DEFINES_MODULE = YES;
				DYLIB_COMPATIBILITY_VERSION = 1;
				DYLIB_CURRENT_VERSION = 1;
				DYLIB_INSTALL_NAME_BASE = "@rpath";
				FRAMEWORK_VERSION = A;
				GCC_PREPROCESSOR_DEFINITIONS = (
					"DEBUG=1",
					"$(inherited)",
				);
				GCC_WARN_ABOUT_RETURN_TYPE = YES_ERROR;
				GCC_WARN_UNINITIALIZED_AUTOS = YES_AGGRESSIVE;
				INFOPLIST_FILE = Source/Info.plist;
				INSTALL_PATH = "$(LOCAL_LIBRARY_DIR)/Frameworks";
				LD_RUNPATH_SEARCH_PATHS = "$(inherited) @executable_path/../Frameworks @loader_path/Frameworks";
				MACOSX_DEPLOYMENT_TARGET = 10.7;
				MTL_ENABLE_DEBUG_INFO = YES;
				PRODUCT_BUNDLE_IDENTIFIER = "com.diephouse.matt.$(PRODUCT_NAME:rfc1034identifier)";
				PRODUCT_NAME = MMMarkdown;
				SKIP_INSTALL = YES;
				VERSIONING_SYSTEM = "apple-generic";
				VERSION_INFO_PREFIX = "";
			};
			name = Debug;
		};
		BED7616B1B374D6700687B36 /* Release */ = {
			isa = XCBuildConfiguration;
			buildSettings = {
				CLANG_CXX_LANGUAGE_STANDARD = "gnu++0x";
				CLANG_CXX_LIBRARY = "libc++";
				CLANG_ENABLE_MODULES = YES;
				CLANG_WARN_DIRECT_OBJC_ISA_USAGE = YES_ERROR;
				CLANG_WARN_OBJC_ROOT_CLASS = YES_ERROR;
				COMBINE_HIDPI_IMAGES = YES;
				COPY_PHASE_STRIP = NO;
				CURRENT_PROJECT_VERSION = 1;
				DEFINES_MODULE = YES;
				DYLIB_COMPATIBILITY_VERSION = 1;
				DYLIB_CURRENT_VERSION = 1;
				DYLIB_INSTALL_NAME_BASE = "@rpath";
				ENABLE_NS_ASSERTIONS = NO;
				FRAMEWORK_VERSION = A;
				GCC_WARN_ABOUT_RETURN_TYPE = YES_ERROR;
				GCC_WARN_UNINITIALIZED_AUTOS = YES_AGGRESSIVE;
				INFOPLIST_FILE = Source/Info.plist;
				INSTALL_PATH = "$(LOCAL_LIBRARY_DIR)/Frameworks";
				LD_RUNPATH_SEARCH_PATHS = "$(inherited) @executable_path/../Frameworks @loader_path/Frameworks";
				MACOSX_DEPLOYMENT_TARGET = 10.7;
				MTL_ENABLE_DEBUG_INFO = NO;
				PRODUCT_BUNDLE_IDENTIFIER = "com.diephouse.matt.$(PRODUCT_NAME:rfc1034identifier)";
				PRODUCT_NAME = MMMarkdown;
				SKIP_INSTALL = YES;
				VERSIONING_SYSTEM = "apple-generic";
				VERSION_INFO_PREFIX = "";
			};
			name = Release;
		};
		BED7616C1B374D6700687B36 /* Debug */ = {
			isa = XCBuildConfiguration;
			buildSettings = {
				CLANG_CXX_LANGUAGE_STANDARD = "gnu++0x";
				CLANG_CXX_LIBRARY = "libc++";
				CLANG_ENABLE_MODULES = YES;
				CLANG_WARN_DIRECT_OBJC_ISA_USAGE = YES_ERROR;
				CLANG_WARN_OBJC_ROOT_CLASS = YES_ERROR;
				COMBINE_HIDPI_IMAGES = YES;
				DEBUG_INFORMATION_FORMAT = dwarf;
				FRAMEWORK_SEARCH_PATHS = (
					"$(DEVELOPER_FRAMEWORKS_DIR)",
					"$(inherited)",
				);
				GCC_PREPROCESSOR_DEFINITIONS = (
					"DEBUG=1",
					"$(inherited)",
				);
				GCC_WARN_ABOUT_RETURN_TYPE = YES_ERROR;
				GCC_WARN_UNINITIALIZED_AUTOS = YES_AGGRESSIVE;
				INFOPLIST_FILE = Tests/Info.plist;
				LD_RUNPATH_SEARCH_PATHS = "$(inherited) @executable_path/../Frameworks @loader_path/../Frameworks";
				MACOSX_DEPLOYMENT_TARGET = 10.10;
				MTL_ENABLE_DEBUG_INFO = YES;
				PRODUCT_BUNDLE_IDENTIFIER = "com.diephouse.matt.$(PRODUCT_NAME:rfc1034identifier)";
				PRODUCT_NAME = "$(TARGET_NAME)";
			};
			name = Debug;
		};
		BED7616D1B374D6700687B36 /* Release */ = {
			isa = XCBuildConfiguration;
			buildSettings = {
				CLANG_CXX_LANGUAGE_STANDARD = "gnu++0x";
				CLANG_CXX_LIBRARY = "libc++";
				CLANG_ENABLE_MODULES = YES;
				CLANG_WARN_DIRECT_OBJC_ISA_USAGE = YES_ERROR;
				CLANG_WARN_OBJC_ROOT_CLASS = YES_ERROR;
				COMBINE_HIDPI_IMAGES = YES;
				COPY_PHASE_STRIP = NO;
				ENABLE_NS_ASSERTIONS = NO;
				FRAMEWORK_SEARCH_PATHS = (
					"$(DEVELOPER_FRAMEWORKS_DIR)",
					"$(inherited)",
				);
				GCC_WARN_ABOUT_RETURN_TYPE = YES_ERROR;
				GCC_WARN_UNINITIALIZED_AUTOS = YES_AGGRESSIVE;
				INFOPLIST_FILE = Tests/Info.plist;
				LD_RUNPATH_SEARCH_PATHS = "$(inherited) @executable_path/../Frameworks @loader_path/../Frameworks";
				MACOSX_DEPLOYMENT_TARGET = 10.10;
				MTL_ENABLE_DEBUG_INFO = NO;
				PRODUCT_BUNDLE_IDENTIFIER = "com.diephouse.matt.$(PRODUCT_NAME:rfc1034identifier)";
				PRODUCT_NAME = "$(TARGET_NAME)";
			};
			name = Release;
		};
		BED762221B37810000687B36 /* Debug */ = {
			isa = XCBuildConfiguration;
			buildSettings = {
				CLANG_CXX_LANGUAGE_STANDARD = "gnu++0x";
				CLANG_CXX_LIBRARY = "libc++";
				CLANG_ENABLE_MODULES = YES;
				CLANG_WARN_DIRECT_OBJC_ISA_USAGE = YES_ERROR;
				CLANG_WARN_OBJC_ROOT_CLASS = YES_ERROR;
				"CODE_SIGN_IDENTITY[sdk=iphoneos*]" = "iPhone Developer";
				CURRENT_PROJECT_VERSION = 1;
				DEBUG_INFORMATION_FORMAT = "dwarf-with-dsym";
				DEFINES_MODULE = YES;
				DYLIB_COMPATIBILITY_VERSION = 1;
				DYLIB_CURRENT_VERSION = 1;
				DYLIB_INSTALL_NAME_BASE = "@rpath";
				GCC_PREPROCESSOR_DEFINITIONS = (
					"DEBUG=1",
					"$(inherited)",
				);
				GCC_WARN_ABOUT_RETURN_TYPE = YES_ERROR;
				GCC_WARN_UNINITIALIZED_AUTOS = YES_AGGRESSIVE;
				INFOPLIST_FILE = Source/Info.plist;
				INSTALL_PATH = "$(LOCAL_LIBRARY_DIR)/Frameworks";
				IPHONEOS_DEPLOYMENT_TARGET = 8.0;
				LD_RUNPATH_SEARCH_PATHS = "$(inherited) @executable_path/Frameworks @loader_path/Frameworks";
				MTL_ENABLE_DEBUG_INFO = YES;
				PRODUCT_BUNDLE_IDENTIFIER = "com.diephouse.matt.$(PRODUCT_NAME:rfc1034identifier)";
				PRODUCT_NAME = MMMarkdown;
				SDKROOT = iphoneos;
				SKIP_INSTALL = YES;
				TARGETED_DEVICE_FAMILY = "1,2";
				VERSIONING_SYSTEM = "apple-generic";
				VERSION_INFO_PREFIX = "";
			};
			name = Debug;
		};
		BED762231B37810000687B36 /* Release */ = {
			isa = XCBuildConfiguration;
			buildSettings = {
				CLANG_CXX_LANGUAGE_STANDARD = "gnu++0x";
				CLANG_CXX_LIBRARY = "libc++";
				CLANG_ENABLE_MODULES = YES;
				CLANG_WARN_DIRECT_OBJC_ISA_USAGE = YES_ERROR;
				CLANG_WARN_OBJC_ROOT_CLASS = YES_ERROR;
				"CODE_SIGN_IDENTITY[sdk=iphoneos*]" = "iPhone Developer";
				COPY_PHASE_STRIP = NO;
				CURRENT_PROJECT_VERSION = 1;
				DEFINES_MODULE = YES;
				DYLIB_COMPATIBILITY_VERSION = 1;
				DYLIB_CURRENT_VERSION = 1;
				DYLIB_INSTALL_NAME_BASE = "@rpath";
				ENABLE_NS_ASSERTIONS = NO;
				GCC_WARN_ABOUT_RETURN_TYPE = YES_ERROR;
				GCC_WARN_UNINITIALIZED_AUTOS = YES_AGGRESSIVE;
				INFOPLIST_FILE = Source/Info.plist;
				INSTALL_PATH = "$(LOCAL_LIBRARY_DIR)/Frameworks";
				IPHONEOS_DEPLOYMENT_TARGET = 8.0;
				LD_RUNPATH_SEARCH_PATHS = "$(inherited) @executable_path/Frameworks @loader_path/Frameworks";
				MTL_ENABLE_DEBUG_INFO = NO;
				PRODUCT_BUNDLE_IDENTIFIER = "com.diephouse.matt.$(PRODUCT_NAME:rfc1034identifier)";
				PRODUCT_NAME = MMMarkdown;
				SDKROOT = iphoneos;
				SKIP_INSTALL = YES;
				TARGETED_DEVICE_FAMILY = "1,2";
				VALIDATE_PRODUCT = YES;
				VERSIONING_SYSTEM = "apple-generic";
				VERSION_INFO_PREFIX = "";
			};
			name = Release;
		};
/* End XCBuildConfiguration section */

/* Begin XCConfigurationList section */
		BE23E8FB1C0CF3EF0087F587 /* Build configuration list for PBXNativeTarget "MMMarkdown (tvOS)" */ = {
			isa = XCConfigurationList;
			buildConfigurations = (
				BE23E8F91C0CF3EF0087F587 /* Debug */,
				BE23E8FA1C0CF3EF0087F587 /* Release */,
			);
			defaultConfigurationIsVisible = 0;
			defaultConfigurationName = Release;
		};
		BE23E9181C0CF77D0087F587 /* Build configuration list for PBXNativeTarget "MMMarkdown (watchOS)" */ = {
			isa = XCConfigurationList;
			buildConfigurations = (
				BE23E9191C0CF77D0087F587 /* Debug */,
				BE23E91A1C0CF77D0087F587 /* Release */,
			);
			defaultConfigurationIsVisible = 0;
			defaultConfigurationName = Release;
		};
		BE813DD014F893EB00EC9469 /* Build configuration list for PBXProject "MMMarkdown" */ = {
			isa = XCConfigurationList;
			buildConfigurations = (
				BE813DFA14F893EB00EC9469 /* Debug */,
				BE813DFB14F893EB00EC9469 /* Release */,
			);
			defaultConfigurationIsVisible = 0;
			defaultConfigurationName = Release;
		};
		BED7616E1B374D6700687B36 /* Build configuration list for PBXNativeTarget "MMMarkdown (OS X)" */ = {
			isa = XCConfigurationList;
			buildConfigurations = (
				BED7616A1B374D6700687B36 /* Debug */,
				BED7616B1B374D6700687B36 /* Release */,
			);
			defaultConfigurationIsVisible = 0;
			defaultConfigurationName = Release;
		};
		BED7616F1B374D6700687B36 /* Build configuration list for PBXNativeTarget "MMMarkdownTests" */ = {
			isa = XCConfigurationList;
			buildConfigurations = (
				BED7616C1B374D6700687B36 /* Debug */,
				BED7616D1B374D6700687B36 /* Release */,
			);
			defaultConfigurationIsVisible = 0;
			defaultConfigurationName = Release;
		};
		BED762261B37810000687B36 /* Build configuration list for PBXNativeTarget "MMMarkdown (iOS)" */ = {
			isa = XCConfigurationList;
			buildConfigurations = (
				BED762221B37810000687B36 /* Debug */,
				BED762231B37810000687B36 /* Release */,
			);
			defaultConfigurationIsVisible = 0;
			defaultConfigurationName = Release;
		};
/* End XCConfigurationList section */
	};
	rootObject = BE813DCD14F893EB00EC9469 /* Project object */;
}
